
Microsoft Visual Studio Solution File, Format Version 12.00
# Visual Studio Version 17
VisualStudioVersion = 17.11.35222.181
MinimumVisualStudioVersion = 10.0.40219.1
Project("{FAE04EC0-301F-11D3-BF4B-00C04F79EFBC}") = "4M02kalkulator", "4M02kalkulator\4M02kalkulator.csproj", "{9E3B5E3C-D962-46C8-83BF-66A857580DC9}"
EndProject
Global
	GlobalSection(SolutionConfigurationPlatforms) = preSolution
		Debug|Any CPU = Debug|Any CPU
		Release|Any CPU = Release|Any CPU
	EndGlobalSection
	GlobalSection(ProjectConfigurationPlatforms) = postSolution
		{9E3B5E3C-D962-46C8-83BF-66A857580DC9}.Debug|Any CPU.ActiveCfg = Debug|Any CPU
		{9E3B5E3C-D962-46C8-83BF-66A857580DC9}.Debug|Any CPU.Build.0 = Debug|Any CPU
		{9E3B5E3C-D962-46C8-83BF-66A857580DC9}.Debug|Any CPU.Deploy.0 = Debug|Any CPU
		{9E3B5E3C-D962-46C8-83BF-66A857580DC9}.Release|Any CPU.ActiveCfg = Release|Any CPU
		{9E3B5E3C-D962-46C8-83BF-66A857580DC9}.Release|Any CPU.Build.0 = Release|Any CPU
		{9E3B5E3C-D962-46C8-83BF-66A857580DC9}.Release|Any CPU.Deploy.0 = Release|Any CPU
	EndGlobalSection
	GlobalSection(SolutionProperties) = preSolution
		HideSolutionNode = FALSE
	EndGlobalSection
	GlobalSection(ExtensibilityGlobals) = postSolution
		SolutionGuid = {D4B64F63-107C-43BB-B4F8-64293CF934F3}
	EndGlobalSection
EndGlobal
